<Solution>
  <Folder Name="/FrontEnd/">
    <Project Path="Web_Customer/web_customer.esproj">
      <Build />
      <Deploy />
    </Project>
  </Folder>
  <Project Path="API_Gateway/API_Gateway.csproj" />
  <Project Path="API_Service/API_Service.csproj" />
  <Project Path="AuthServices/AuthServices.csproj" Id="729a9ae0-6a86-4567-a6e3-689df086bb4b" />
  <Project Path="Common/Common.csproj" />
  <Project Path="DTO/DTO.csproj" />
  <Project Path="Entities/Entities.csproj" />
  <Project Path="Libs/Libs.csproj" />
  <Project Path="Repository/Repository.csproj" />
  <Project Path="Services/Services.csproj" Id="f8160a26-3cc9-4ccb-8bf3-d76a625b2924" />
</Solution>
